// !$*UTF8*$!
{
	archiveVersion = 1;
	classes = {
	};
	objectVersion = 46;
	objects = {

/* Begin PBXBuildFile section */
		E18EA1E31E87B6BA00340372 /* main.m in Sources */ = {isa = PBXBuildFile; fileRef = E18EA1E21E87B6BA00340372 /* main.m */; };
		E18EA1E61E87B6BA00340372 /* AppDelegate.m in Sources */ = {isa = PBXBuildFile; fileRef = E18EA1E51E87B6BA00340372 /* AppDelegate.m */; };
		E18EA1EE1E87B6BA00340372 /* Assets.xcassets in Resources */ = {isa = PBXBuildFile; fileRef = E18EA1ED1E87B6BA00340372 /* Assets.xcassets */; };
		E18EA1F11E87B6BA00340372 /* LaunchScreen.storyboard in Resources */ = {isa = PBXBuildFile; fileRef = E18EA1EF1E87B6BA00340372 /* LaunchScreen.storyboard */; };
		E18EA1FD1E87B6E400340372 /* ICSDrawerController.m in Sources */ = {isa = PBXBuildFile; fileRef = E18EA1FA1E87B6E400340372 /* ICSDrawerController.m */; };
		E18EA1FE1E87B6E400340372 /* ICSDropShadowView.m in Sources */ = {isa = PBXBuildFile; fileRef = E18EA1FC1E87B6E400340372 /* ICSDropShadowView.m */; };
		E18EA2011E87B70300340372 /* MainTabbarController.m in Sources */ = {isa = PBXBuildFile; fileRef = E18EA2001E87B70300340372 /* MainTabbarController.m */; };
		E18EA2161E87BCB100340372 /* LeftViewController.m in Sources */ = {isa = PBXBuildFile; fileRef = E18EA2031E87B71F00340372 /* LeftViewController.m */; };
/* End PBXBuildFile section */

/* Begin PBXFileReference section */
		E18EA1DE1E87B6BA00340372 /* 架构.app */ = {isa = PBXFileReference; explicitFileType = wrapper.application; includeInIndex = 0; path = "架构.app"; sourceTree = BUILT_PRODUCTS_DIR; };
		E18EA1E21E87B6BA00340372 /* main.m */ = {isa = PBXFileReference; lastKnownFileType = sourcecode.c.objc; path = main.m; sourceTree = "<group>"; };
		E18EA1E41E87B6BA00340372 /* AppDelegate.h */ = {isa = PBXFileReference; lastKnownFileType = sourcecode.c.h; path = AppDelegate.h; sourceTree = "<group>"; };
		E18EA1E51E87B6BA00340372 /* AppDelegate.m */ = {isa = PBXFileReference; lastKnownFileType = sourcecode.c.objc; path = AppDelegate.m; sourceTree = "<group>"; };
		E18EA1ED1E87B6BA00340372 /* Assets.xcassets */ = {isa = PBXFileReference; lastKnownFileType = folder.assetcatalog; path = Assets.xcassets; sourceTree = "<group>"; };
		E18EA1F01E87B6BA00340372 /* Base */ = {isa = PBXFileReference; lastKnownFileType = file.storyboard; name = Base; path = Base.lproj/LaunchScreen.storyboard; sourceTree = "<group>"; };
		E18EA1F21E87B6BA00340372 /* Info.plist */ = {isa = PBXFileReference; lastKnownFileType = text.plist.xml; path = Info.plist; sourceTree = "<group>"; };
		E18EA1F91E87B6E400340372 /* ICSDrawerController.h */ = {isa = PBXFileReference; fileEncoding = 4; lastKnownFileType = sourcecode.c.h; path = ICSDrawerController.h; sourceTree = "<group>"; };
		E18EA1FA1E87B6E400340372 /* ICSDrawerController.m */ = {isa = PBXFileReference; fileEncoding = 4; lastKnownFileType = sourcecode.c.objc; path = ICSDrawerController.m; sourceTree = "<group>"; };
		E18EA1FB1E87B6E400340372 /* ICSDropShadowView.h */ = {isa = PBXFileReference; fileEncoding = 4; lastKnownFileType = sourcecode.c.h; path = ICSDropShadowView.h; sourceTree = "<group>"; };
		E18EA1FC1E87B6E400340372 /* ICSDropShadowView.m */ = {isa = PBXFileReference; fileEncoding = 4; lastKnownFileType = sourcecode.c.objc; path = ICSDropShadowView.m; sourceTree = "<group>"; };
		E18EA1FF1E87B70300340372 /* MainTabbarController.h */ = {isa = PBXFileReference; fileEncoding = 4; lastKnownFileType = sourcecode.c.h; path = MainTabbarController.h; sourceTree = "<group>"; };
		E18EA2001E87B70300340372 /* MainTabbarController.m */ = {isa = PBXFileReference; fileEncoding = 4; lastKnownFileType = sourcecode.c.objc; path = MainTabbarController.m; sourceTree = "<group>"; };
		E18EA2021E87B71F00340372 /* LeftViewController.h */ = {isa = PBXFileReference; fileEncoding = 4; lastKnownFileType = sourcecode.c.h; path = LeftViewController.h; sourceTree = "<group>"; };
		E18EA2031E87B71F00340372 /* LeftViewController.m */ = {isa = PBXFileReference; fileEncoding = 4; lastKnownFileType = sourcecode.c.objc; path = LeftViewController.m; sourceTree = "<group>"; };
/* End PBXFileReference section */

/* Begin PBXFrameworksBuildPhase section */
		E18EA1DB1E87B6BA00340372 /* Frameworks */ = {
			isa = PBXFrameworksBuildPhase;
			buildActionMask = 2147483647;
			files = (
			);
			runOnlyForDeploymentPostprocessing = 0;
		};
/* End PBXFrameworksBuildPhase section */

/* Begin PBXGroup section */
		E18EA1D51E87B6BA00340372 = {
			isa = PBXGroup;
			children = (
				E18EA1E01E87B6BA00340372 /* 架构 */,
				E18EA1DF1E87B6BA00340372 /* Products */,
			);
			sourceTree = "<group>";
		};
		E18EA1DF1E87B6BA00340372 /* Products */ = {
			isa = PBXGroup;
			children = (
				E18EA1DE1E87B6BA00340372 /* 架构.app */,
			);
			name = Products;
			sourceTree = "<group>";
		};
		E18EA1E01E87B6BA00340372 /* 架构 */ = {
			isa = PBXGroup;
			children = (
				E18EA1F81E87B6E400340372 /* ICSDrawerController */,
				E18EA1E41E87B6BA00340372 /* AppDelegate.h */,
				E18EA1E51E87B6BA00340372 /* AppDelegate.m */,
				E18EA1ED1E87B6BA00340372 /* Assets.xcassets */,
				E18EA1EF1E87B6BA00340372 /* LaunchScreen.storyboard */,
				E18EA1F21E87B6BA00340372 /* Info.plist */,
				E18EA1E11E87B6BA00340372 /* Supporting Files */,
				E18EA1FF1E87B70300340372 /* MainTabbarController.h */,
				E18EA2001E87B70300340372 /* MainTabbarController.m */,
				E18EA2021E87B71F00340372 /* LeftViewController.h */,
				E18EA2031E87B71F00340372 /* LeftViewController.m */,
			);
			path = "架构";
			sourceTree = "<group>";
		};
		E18EA1E11E87B6BA00340372 /* Supporting Files */ = {
			isa = PBXGroup;
			children = (
				E18EA1E21E87B6BA00340372 /* main.m */,
			);
			name = "Supporting Files";
			sourceTree = "<group>";
		};
		E18EA1F81E87B6E400340372 /* ICSDrawerController */ = {
			isa = PBXGroup;
			children = (
				E18EA1F91E87B6E400340372 /* ICSDrawerController.h */,
				E18EA1FA1E87B6E400340372 /* ICSDrawerController.m */,
				E18EA1FB1E87B6E400340372 /* ICSDropShadowView.h */,
				E18EA1FC1E87B6E400340372 /* ICSDropShadowView.m */,
			);
			path = ICSDrawerController;
			sourceTree = "<group>";
		};
/* End PBXGroup section */

/* Begin PBXNativeTarget section */
		E18EA1DD1E87B6BA00340372 /* 架构 */ = {
			isa = PBXNativeTarget;
			buildConfigurationList = E18EA1F51E87B6BA00340372 /* Build configuration list for PBXNativeTarget "架构" */;
			buildPhases = (
				E18EA1DA1E87B6BA00340372 /* Sources */,
				E18EA1DB1E87B6BA00340372 /* Frameworks */,
				E18EA1DC1E87B6BA00340372 /* Resources */,
			);
			buildRules = (
			);
			dependencies = (
			);
			name = "架构";
			productName = "架构";
			productReference = E18EA1DE1E87B6BA00340372 /* 架构.app */;
			productType = "com.apple.product-type.application";
		};
/* End PBXNativeTarget section */

/* Begin PBXProject section */
		E18EA1D61E87B6BA00340372 /* Project object */ = {
			isa = PBXProject;
			attributes = {
				LastUpgradeCheck = 0820;
				ORGANIZATIONNAME = itheima;
				TargetAttributes = {
					E18EA1DD1E87B6BA00340372 = {
						CreatedOnToolsVersion = 8.2.1;
						ProvisioningStyle = Automatic;
					};
				};
			};
			buildConfigurationList = E18EA1D91E87B6BA00340372 /* Build configuration list for PBXProject "架构" */;
			compatibilityVersion = "Xcode 3.2";
			developmentRegion = English;
			hasScannedForEncodings = 0;
			knownRegions = (
				en,
				Base,
			);
			mainGroup = E18EA1D51E87B6BA00340372;
			productRefGroup = E18EA1DF1E87B6BA00340372 /* Products */;
			projectDirPath = "";
			projectRoot = "";
			targets = (
				E18EA1DD1E87B6BA00340372 /* 架构 */,
			);
		};
/* End PBXProject section */

/* Begin PBXResourcesBuildPhase section */
		E18EA1DC1E87B6BA00340372 /* Resources */ = {
			isa = PBXResourcesBuildPhase;
			buildActionMask = 2147483647;
			files = (
				E18EA1F11E87B6BA00340372 /* LaunchScreen.storyboard in Resources */,
				E18EA1EE1E87B6BA00340372 /* Assets.xcassets in Resources */,
			);
			runOnlyForDeploymentPostprocessing = 0;
		};
/* End PBXResourcesBuildPhase section */

/* Begin PBXSourcesBuildPhase section */
		E18EA1DA1E87B6BA00340372 /* Sources */ = {
			isa = PBXSourcesBuildPhase;
			buildActionMask = 2147483647;
			files = (
				E18EA2011E87B70300340372 /* MainTabbarController.m in Sources */,
				E18EA1FD1E87B6E400340372 /* ICSDrawerController.m in Sources */,
				E18EA1E61E87B6BA00340372 /* AppDelegate.m in Sources */,
				E18EA1E31E87B6BA00340372 /* main.m in Sources */,
				E18EA2161E87BCB100340372 /* LeftViewController.m in Sources */,
				E18EA1FE1E87B6E400340372 /* ICSDropShadowView.m in Sources */,
			);
			runOnlyForDeploymentPostprocessing = 0;
		};
/* End PBXSourcesBuildPhase section */

/* Begin PBXVariantGroup section */
		E18EA1EF1E87B6BA00340372 /* LaunchScreen.storyboard */ = {
			isa = PBXVariantGroup;
			children = (
				E18EA1F01E87B6BA00340372 /* Base */,
			);
			name = LaunchScreen.storyboard;
			sourceTree = "<group>";
		};
/* End PBXVariantGroup section */

/* Begin XCBuildConfiguration section */
		E18EA1F31E87B6BA00340372 /* Debug */ = {
			isa = XCBuildConfiguration;
			buildSettings = {
				ALWAYS_SEARCH_USER_PATHS = NO;
				CLANG_ANALYZER_NONNULL = YES;
				CLANG_CXX_LANGUAGE_STANDARD = "gnu++0x";
				CLANG_CXX_LIBRARY = "libc++";
				CLANG_ENABLE_MODULES = YES;
				CLANG_ENABLE_OBJC_ARC = YES;
				CLANG_WARN_BOOL_CONVERSION = YES;
				CLANG_WARN_CONSTANT_CONVERSION = YES;
				CLANG_WARN_DIRECT_OBJC_ISA_USAGE = YES_ERROR;
				CLANG_WARN_DOCUMENTATION_COMMENTS = YES;
				CLANG_WARN_EMPTY_BODY = YES;
				CLANG_WARN_ENUM_CONVERSION = YES;
				CLANG_WARN_INFINITE_RECURSION = YES;
				CLANG_WARN_INT_CONVERSION = YES;
				CLANG_WARN_OBJC_ROOT_CLASS = YES_ERROR;
				CLANG_WARN_SUSPICIOUS_MOVE = YES;
				CLANG_WARN_UNREACHABLE_CODE = YES;
				CLANG_WARN__DUPLICATE_METHOD_MATCH = YES;
				"CODE_SIGN_IDENTITY[sdk=iphoneos*]" = "iPhone Developer";
				COPY_PHASE_STRIP = NO;
				DEBUG_INFORMATION_FORMAT = dwarf;
				ENABLE_STRICT_OBJC_MSGSEND = YES;
				ENABLE_TESTABILITY = YES;
				GCC_C_LANGUAGE_STANDARD = gnu99;
				GCC_DYNAMIC_NO_PIC = NO;
				GCC_NO_COMMON_BLOCKS = YES;
				GCC_OPTIMIZATION_LEVEL = 0;
				GCC_PREPROCESSOR_DEFINITIONS = (
					"DEBUG=1",
					"$(inherited)",
				);
				GCC_WARN_64_TO_32_BIT_CONVERSION = YES;
				GCC_WARN_ABOUT_RETURN_TYPE = YES_ERROR;
				GCC_WARN_UNDECLARED_SELECTOR = YES;
				GCC_WARN_UNINITIALIZED_AUTOS = YES_AGGRESSIVE;
				GCC_WARN_UNUSED_FUNCTION = YES;
				GCC_WARN_UNUSED_VARIABLE = YES;
				IPHONEOS_DEPLOYMENT_TARGET = 10.2;
				MTL_ENABLE_DEBUG_INFO = YES;
				ONLY_ACTIVE_ARCH = YES;
				SDKROOT = iphoneos;
			};
			name = Debug;
		};
		E18EA1F41E87B6BA00340372 /* Release */ = {
			isa = XCBuildConfiguration;
			buildSettings = {
				ALWAYS_SEARCH_USER_PATHS = NO;
				CLANG_ANALYZER_NONNULL = YES;
				CLANG_CXX_LANGUAGE_STANDARD = "gnu++0x";
				CLANG_CXX_LIBRARY = "libc++";
				CLANG_ENABLE_MODULES = YES;
				CLANG_ENABLE_OBJC_ARC = YES;
				CLANG_WARN_BOOL_CONVERSION = YES;
				CLANG_WARN_CONSTANT_CONVERSION = YES;
				CLANG_WARN_DIRECT_OBJC_ISA_USAGE = YES_ERROR;
				CLANG_WARN_DOCUMENTATION_COMMENTS = YES;
				CLANG_WARN_EMPTY_BODY = YES;
				CLANG_WARN_ENUM_CONVERSION = YES;
				CLANG_WARN_INFINITE_RECURSION = YES;
				CLANG_WARN_INT_CONVERSION = YES;
				CLANG_WARN_OBJC_ROOT_CLASS = YES_ERROR;
				CLANG_WARN_SUSPICIOUS_MOVE = YES;
				CLANG_WARN_UNREACHABLE_CODE = YES;
				CLANG_WARN__DUPLICATE_METHOD_MATCH = YES;
				"CODE_SIGN_IDENTITY[sdk=iphoneos*]" = "iPhone Developer";
				COPY_PHASE_STRIP = NO;
				DEBUG_INFORMATION_FORMAT = "dwarf-with-dsym";
				ENABLE_NS_ASSERTIONS = NO;
				ENABLE_STRICT_OBJC_MSGSEND = YES;
				GCC_C_LANGUAGE_STANDARD = gnu99;
				GCC_NO_COMMON_BLOCKS = YES;
				GCC_WARN_64_TO_32_BIT_CONVERSION = YES;
				GCC_WARN_ABOUT_RETURN_TYPE = YES_ERROR;
				GCC_WARN_UNDECLARED_SELECTOR = YES;
				GCC_WARN_UNINITIALIZED_AUTOS = YES_AGGRESSIVE;
				GCC_WARN_UNUSED_FUNCTION = YES;
				GCC_WARN_UNUSED_VARIABLE = YES;
				IPHONEOS_DEPLOYMENT_TARGET = 10.2;
				MTL_ENABLE_DEBUG_INFO = NO;
				SDKROOT = iphoneos;
				VALIDATE_PRODUCT = YES;
			};
			name = Release;
		};
		E18EA1F61E87B6BA00340372 /* Debug */ = {
			isa = XCBuildConfiguration;
			buildSettings = {
				ASSETCATALOG_COMPILER_APPICON_NAME = AppIcon;
				INFOPLIST_FILE = "架构/Info.plist";
				IPHONEOS_DEPLOYMENT_TARGET = 10.1;
				LD_RUNPATH_SEARCH_PATHS = "$(inherited) @executable_path/Frameworks";
				PRODUCT_BUNDLE_IDENTIFIER = "com.itheimt.--";
				PRODUCT_NAME = "$(TARGET_NAME)";
			};
			name = Debug;
		};
		E18EA1F71E87B6BA00340372 /* Release */ = {
			isa = XCBuildConfiguration;
			buildSettings = {
				ASSETCATALOG_COMPILER_APPICON_NAME = AppIcon;
				INFOPLIST_FILE = "架构/Info.plist";
				IPHONEOS_DEPLOYMENT_TARGET = 10.1;
				LD_RUNPATH_SEARCH_PATHS = "$(inherited) @executable_path/Frameworks";
				PRODUCT_BUNDLE_IDENTIFIER = "com.itheimt.--";
				PRODUCT_NAME = "$(TARGET_NAME)";
			};
			name = Release;
		};
/* End XCBuildConfiguration section */

/* Begin XCConfigurationList section */
		E18EA1D91E87B6BA00340372 /* Build configuration list for PBXProject "架构" */ = {
			isa = XCConfigurationList;
			buildConfigurations = (
				E18EA1F31E87B6BA00340372 /* Debug */,
				E18EA1F41E87B6BA00340372 /* Release */,
			);
			defaultConfigurationIsVisible = 0;
			defaultConfigurationName = Release;
		};
		E18EA1F51E87B6BA00340372 /* Build configuration list for PBXNativeTarget "架构" */ = {
			isa = XCConfigurationList;
			buildConfigurations = (
				E18EA1F61E87B6BA00340372 /* Debug */,
				E18EA1F71E87B6BA00340372 /* Release */,
			);
			defaultConfigurationIsVisible = 0;
			defaultConfigurationName = Release;
		};
/* End XCConfigurationList section */
	};
	rootObject = E18EA1D61E87B6BA00340372 /* Project object */;
}
